{
    "_meta": {
        "hash": {
            "sha256": "efa9716b44cea6a6f29765a2efc47f86b0cf2878f071a322e7bd3772d8f1b3f4"
        },
        "pipfile-spec": 6,
        "requires": {
            "python_version": "3.10"
        },
        "sources": [
            {
                "name": "pypi",
                "url": "https://pypi.org/simple",
                "verify_ssl": true
            }
        ]
    },
    "default": {
        "django-autoslug": {
            "hashes": [
                "sha256:79f88e9433c1c88d8d3f2bec60d65ca98bffaff6c072b78aa5fd99d0e84a13dd",
                "sha256:81cb018944498f27f439d439687cf902212cafbdb8c74c8ca0307543a3d82907"
            ],
            "index": "pypi",
            "version": "==1.9.9"
        }
    },
    "develop": {}
}
